// !$*UTF8*$!
{
	archiveVersion = 1;
	classes = {
	};
	objectVersion = 50;
	objects = {

/* Begin PBXBuildFile section */
		3B199917216008AF00758D2A /* AppDelegate.swift in Sources */ = {isa = PBXBuildFile; fileRef = 3B199916216008AF00758D2A /* AppDelegate.swift */; };
		3B199919216008AF00758D2A /* CameraVC.swift in Sources */ = {isa = PBXBuildFile; fileRef = 3B199918216008AF00758D2A /* CameraVC.swift */; };
		3B19991C216008AF00758D2A /* Main.storyboard in Resources */ = {isa = PBXBuildFile; fileRef = 3B19991A216008AF00758D2A /* Main.storyboard */; };
		3B19991E216008B000758D2A /* Assets.xcassets in Resources */ = {isa = PBXBuildFile; fileRef = 3B19991D216008B000758D2A /* Assets.xcassets */; };
		3B199921216008B000758D2A /* LaunchScreen.storyboard in Resources */ = {isa = PBXBuildFile; fileRef = 3B19991F216008B000758D2A /* LaunchScreen.storyboard */; };
		3B19992C2160119400758D2A /* RoundedShadowView.swift in Sources */ = {isa = PBXBuildFile; fileRef = 3B19992B2160119400758D2A /* RoundedShadowView.swift */; };
/* End PBXBuildFile section */

/* Begin PBXFileReference section */
		3B199913216008AF00758D2A /* vision-app-dev.app */ = {isa = PBXFileReference; explicitFileType = wrapper.application; includeInIndex = 0; path = "vision-app-dev.app"; sourceTree = BUILT_PRODUCTS_DIR; };
		3B199916216008AF00758D2A /* AppDelegate.swift */ = {isa = PBXFileReference; lastKnownFileType = sourcecode.swift; path = AppDelegate.swift; sourceTree = "<group>"; };
		3B199918216008AF00758D2A /* CameraVC.swift */ = {isa = PBXFileReference; lastKnownFileType = sourcecode.swift; path = CameraVC.swift; sourceTree = "<group>"; };
		3B19991B216008AF00758D2A /* Base */ = {isa = PBXFileReference; lastKnownFileType = file.storyboard; name = Base; path = Base.lproj/Main.storyboard; sourceTree = "<group>"; };
		3B19991D216008B000758D2A /* Assets.xcassets */ = {isa = PBXFileReference; lastKnownFileType = folder.assetcatalog; path = Assets.xcassets; sourceTree = "<group>"; };
		3B199920216008B000758D2A /* Base */ = {isa = PBXFileReference; lastKnownFileType = file.storyboard; name = Base; path = Base.lproj/LaunchScreen.storyboard; sourceTree = "<group>"; };
		3B199922216008B000758D2A /* Info.plist */ = {isa = PBXFileReference; lastKnownFileType = text.plist.xml; path = Info.plist; sourceTree = "<group>"; };
		3B19992B2160119400758D2A /* RoundedShadowView.swift */ = {isa = PBXFileReference; lastKnownFileType = sourcecode.swift; path = RoundedShadowView.swift; sourceTree = "<group>"; };
/* End PBXFileReference section */

/* Begin PBXFrameworksBuildPhase section */
		3B199910216008AF00758D2A /* Frameworks */ = {
			isa = PBXFrameworksBuildPhase;
			buildActionMask = 2147483647;
			files = (
			);
			runOnlyForDeploymentPostprocessing = 0;
		};
/* End PBXFrameworksBuildPhase section */

/* Begin PBXGroup section */
		3B19990A216008AF00758D2A = {
			isa = PBXGroup;
			children = (
				3B199915216008AF00758D2A /* vision-app-dev */,
				3B199914216008AF00758D2A /* Products */,
			);
			sourceTree = "<group>";
		};
		3B199914216008AF00758D2A /* Products */ = {
			isa = PBXGroup;
			children = (
				3B199913216008AF00758D2A /* vision-app-dev.app */,
			);
			name = Products;
			sourceTree = "<group>";
		};
		3B199915216008AF00758D2A /* vision-app-dev */ = {
			isa = PBXGroup;
			children = (
				3B19992A21600A2A00758D2A /* Resources */,
				3B19992921600A2200758D2A /* View */,
				3B19992821600A1800758D2A /* Controller */,
				3B199916216008AF00758D2A /* AppDelegate.swift */,
				3B19991A216008AF00758D2A /* Main.storyboard */,
				3B19991D216008B000758D2A /* Assets.xcassets */,
				3B19991F216008B000758D2A /* LaunchScreen.storyboard */,
				3B199922216008B000758D2A /* Info.plist */,
			);
			path = "vision-app-dev";
			sourceTree = "<group>";
		};
		3B19992821600A1800758D2A /* Controller */ = {
			isa = PBXGroup;
			children = (
				3B199918216008AF00758D2A /* CameraVC.swift */,
			);
			path = Controller;
			sourceTree = "<group>";
		};
		3B19992921600A2200758D2A /* View */ = {
			isa = PBXGroup;
			children = (
				3B19992B2160119400758D2A /* RoundedShadowView.swift */,
			);
			path = View;
			sourceTree = "<group>";
		};
		3B19992A21600A2A00758D2A /* Resources */ = {
			isa = PBXGroup;
			children = (
			);
			path = Resources;
			sourceTree = "<group>";
		};
/* End PBXGroup section */

/* Begin PBXNativeTarget section */
		3B199912216008AF00758D2A /* vision-app-dev */ = {
			isa = PBXNativeTarget;
			buildConfigurationList = 3B199925216008B000758D2A /* Build configuration list for PBXNativeTarget "vision-app-dev" */;
			buildPhases = (
				3B19990F216008AF00758D2A /* Sources */,
				3B199910216008AF00758D2A /* Frameworks */,
				3B199911216008AF00758D2A /* Resources */,
			);
			buildRules = (
			);
			dependencies = (
			);
			name = "vision-app-dev";
			productName = "vision-app-dev";
			productReference = 3B199913216008AF00758D2A /* vision-app-dev.app */;
			productType = "com.apple.product-type.application";
		};
/* End PBXNativeTarget section */

/* Begin PBXProject section */
		3B19990B216008AF00758D2A /* Project object */ = {
			isa = PBXProject;
			attributes = {
				LastSwiftUpdateCheck = 1000;
				LastUpgradeCheck = 1000;
				ORGANIZATIONNAME = "Massimiliano Abeli";
				TargetAttributes = {
					3B199912216008AF00758D2A = {
						CreatedOnToolsVersion = 10.0;
					};
				};
			};
			buildConfigurationList = 3B19990E216008AF00758D2A /* Build configuration list for PBXProject "vision-app-dev" */;
			compatibilityVersion = "Xcode 9.3";
			developmentRegion = en;
			hasScannedForEncodings = 0;
			knownRegions = (
				en,
				Base,
			);
			mainGroup = 3B19990A216008AF00758D2A;
			productRefGroup = 3B199914216008AF00758D2A /* Products */;
			projectDirPath = "";
			projectRoot = "";
			targets = (
				3B199912216008AF00758D2A /* vision-app-dev */,
			);
		};
/* End PBXProject section */

/* Begin PBXResourcesBuildPhase section */
		3B199911216008AF00758D2A /* Resources */ = {
			isa = PBXResourcesBuildPhase;
			buildActionMask = 2147483647;
			files = (
				3B199921216008B000758D2A /* LaunchScreen.storyboard in Resources */,
				3B19991E216008B000758D2A /* Assets.xcassets in Resources */,
				3B19991C216008AF00758D2A /* Main.storyboard in Resources */,
			);
			runOnlyForDeploymentPostprocessing = 0;
		};
/* End PBXResourcesBuildPhase section */

/* Begin PBXSourcesBuildPhase section */
		3B19990F216008AF00758D2A /* Sources */ = {
			isa = PBXSourcesBuildPhase;
			buildActionMask = 2147483647;
			files = (
				3B199919216008AF00758D2A /* CameraVC.swift in Sources */,
				3B199917216008AF00758D2A /* AppDelegate.swift in Sources */,
				3B19992C2160119400758D2A /* RoundedShadowView.swift in Sources */,
			);
			runOnlyForDeploymentPostprocessing = 0;
		};
/* End PBXSourcesBuildPhase section */

/* Begin PBXVariantGroup section */
		3B19991A216008AF00758D2A /* Main.storyboard */ = {
			isa = PBXVariantGroup;
			children = (
				3B19991B216008AF00758D2A /* Base */,
			);
			name = Main.storyboard;
			sourceTree = "<group>";
		};
		3B19991F216008B000758D2A /* LaunchScreen.storyboard */ = {
			isa = PBXVariantGroup;
			children = (
				3B199920216008B000758D2A /* Base */,
			);
			name = LaunchScreen.storyboard;
			sourceTree = "<group>";
		};
/* End PBXVariantGroup section */

/* Begin XCBuildConfiguration section */
		3B199923216008B000758D2A /* Debug */ = {
			isa = XCBuildConfiguration;
			buildSettings = {
				ALWAYS_SEARCH_USER_PATHS = NO;
				CLANG_ANALYZER_NONNULL = YES;
				CLANG_ANALYZER_NUMBER_OBJECT_CONVERSION = YES_AGGRESSIVE;
				CLANG_CXX_LANGUAGE_STANDARD = "gnu++14";
				CLANG_CXX_LIBRARY = "libc++";
				CLANG_ENABLE_MODULES = YES;
				CLANG_ENABLE_OBJC_ARC = YES;
				CLANG_ENABLE_OBJC_WEAK = YES;
				CLANG_WARN_BLOCK_CAPTURE_AUTORELEASING = YES;
				CLANG_WARN_BOOL_CONVERSION = YES;
				CLANG_WARN_COMMA = YES;
				CLANG_WARN_CONSTANT_CONVERSION = YES;
				CLANG_WARN_DEPRECATED_OBJC_IMPLEMENTATIONS = YES;
				CLANG_WARN_DIRECT_OBJC_ISA_USAGE = YES_ERROR;
				CLANG_WARN_DOCUMENTATION_COMMENTS = YES;
				CLANG_WARN_EMPTY_BODY = YES;
				CLANG_WARN_ENUM_CONVERSION = YES;
				CLANG_WARN_INFINITE_RECURSION = YES;
				CLANG_WARN_INT_CONVERSION = YES;
				CLANG_WARN_NON_LITERAL_NULL_CONVERSION = YES;
				CLANG_WARN_OBJC_IMPLICIT_RETAIN_SELF = YES;
				CLANG_WARN_OBJC_LITERAL_CONVERSION = YES;
				CLANG_WARN_OBJC_ROOT_CLASS = YES_ERROR;
				CLANG_WARN_RANGE_LOOP_ANALYSIS = YES;
				CLANG_WARN_STRICT_PROTOTYPES = YES;
				CLANG_WARN_SUSPICIOUS_MOVE = YES;
				CLANG_WARN_UNGUARDED_AVAILABILITY = YES_AGGRESSIVE;
				CLANG_WARN_UNREACHABLE_CODE = YES;
				CLANG_WARN__DUPLICATE_METHOD_MATCH = YES;
				CODE_SIGN_IDENTITY = "iPhone Developer";
				COPY_PHASE_STRIP = NO;
				DEBUG_INFORMATION_FORMAT = dwarf;
				ENABLE_STRICT_OBJC_MSGSEND = YES;
				ENABLE_TESTABILITY = YES;
				GCC_C_LANGUAGE_STANDARD = gnu11;
				GCC_DYNAMIC_NO_PIC = NO;
				GCC_NO_COMMON_BLOCKS = YES;
				GCC_OPTIMIZATION_LEVEL = 0;
				GCC_PREPROCESSOR_DEFINITIONS = (
					"DEBUG=1",
					"$(inherited)",
				);
				GCC_WARN_64_TO_32_BIT_CONVERSION = YES;
				GCC_WARN_ABOUT_RETURN_TYPE = YES_ERROR;
				GCC_WARN_UNDECLARED_SELECTOR = YES;
				GCC_WARN_UNINITIALIZED_AUTOS = YES_AGGRESSIVE;
				GCC_WARN_UNUSED_FUNCTION = YES;
				GCC_WARN_UNUSED_VARIABLE = YES;
				IPHONEOS_DEPLOYMENT_TARGET = 12.0;
				MTL_ENABLE_DEBUG_INFO = INCLUDE_SOURCE;
				MTL_FAST_MATH = YES;
				ONLY_ACTIVE_ARCH = YES;
				SDKROOT = iphoneos;
				SWIFT_ACTIVE_COMPILATION_CONDITIONS = DEBUG;
				SWIFT_OPTIMIZATION_LEVEL = "-Onone";
			};
			name = Debug;
		};
		3B199924216008B000758D2A /* Release */ = {
			isa = XCBuildConfiguration;
			buildSettings = {
				ALWAYS_SEARCH_USER_PATHS = NO;
				CLANG_ANALYZER_NONNULL = YES;
				CLANG_ANALYZER_NUMBER_OBJECT_CONVERSION = YES_AGGRESSIVE;
				CLANG_CXX_LANGUAGE_STANDARD = "gnu++14";
				CLANG_CXX_LIBRARY = "libc++";
				CLANG_ENABLE_MODULES = YES;
				CLANG_ENABLE_OBJC_ARC = YES;
				CLANG_ENABLE_OBJC_WEAK = YES;
				CLANG_WARN_BLOCK_CAPTURE_AUTORELEASING = YES;
				CLANG_WARN_BOOL_CONVERSION = YES;
				CLANG_WARN_COMMA = YES;
				CLANG_WARN_CONSTANT_CONVERSION = YES;
				CLANG_WARN_DEPRECATED_OBJC_IMPLEMENTATIONS = YES;
				CLANG_WARN_DIRECT_OBJC_ISA_USAGE = YES_ERROR;
				CLANG_WARN_DOCUMENTATION_COMMENTS = YES;
				CLANG_WARN_EMPTY_BODY = YES;
				CLANG_WARN_ENUM_CONVERSION = YES;
				CLANG_WARN_INFINITE_RECURSION = YES;
				CLANG_WARN_INT_CONVERSION = YES;
				CLANG_WARN_NON_LITERAL_NULL_CONVERSION = YES;
				CLANG_WARN_OBJC_IMPLICIT_RETAIN_SELF = YES;
				CLANG_WARN_OBJC_LITERAL_CONVERSION = YES;
				CLANG_WARN_OBJC_ROOT_CLASS = YES_ERROR;
				CLANG_WARN_RANGE_LOOP_ANALYSIS = YES;
				CLANG_WARN_STRICT_PROTOTYPES = YES;
				CLANG_WARN_SUSPICIOUS_MOVE = YES;
				CLANG_WARN_UNGUARDED_AVAILABILITY = YES_AGGRESSIVE;
				CLANG_WARN_UNREACHABLE_CODE = YES;
				CLANG_WARN__DUPLICATE_METHOD_MATCH = YES;
				CODE_SIGN_IDENTITY = "iPhone Developer";
				COPY_PHASE_STRIP = NO;
				DEBUG_INFORMATION_FORMAT = "dwarf-with-dsym";
				ENABLE_NS_ASSERTIONS = NO;
				ENABLE_STRICT_OBJC_MSGSEND = YES;
				GCC_C_LANGUAGE_STANDARD = gnu11;
				GCC_NO_COMMON_BLOCKS = YES;
				GCC_WARN_64_TO_32_BIT_CONVERSION = YES;
				GCC_WARN_ABOUT_RETURN_TYPE = YES_ERROR;
				GCC_WARN_UNDECLARED_SELECTOR = YES;
				GCC_WARN_UNINITIALIZED_AUTOS = YES_AGGRESSIVE;
				GCC_WARN_UNUSED_FUNCTION = YES;
				GCC_WARN_UNUSED_VARIABLE = YES;
				IPHONEOS_DEPLOYMENT_TARGET = 12.0;
				MTL_ENABLE_DEBUG_INFO = NO;
				MTL_FAST_MATH = YES;
				SDKROOT = iphoneos;
				SWIFT_COMPILATION_MODE = wholemodule;
				SWIFT_OPTIMIZATION_LEVEL = "-O";
				VALIDATE_PRODUCT = YES;
			};
			name = Release;
		};
		3B199926216008B000758D2A /* Debug */ = {
			isa = XCBuildConfiguration;
			buildSettings = {
				ASSETCATALOG_COMPILER_APPICON_NAME = AppIcon;
				CODE_SIGN_STYLE = Automatic;
				DEVELOPMENT_TEAM = 9C5S623YC7;
				INFOPLIST_FILE = "vision-app-dev/Info.plist";
				LD_RUNPATH_SEARCH_PATHS = (
					"$(inherited)",
					"@executable_path/Frameworks",
				);
				PRODUCT_BUNDLE_IDENTIFIER = "massimilianoabeli.it.vision-app-dev";
				PRODUCT_NAME = "$(TARGET_NAME)";
				SWIFT_VERSION = 4.2;
				TARGETED_DEVICE_FAMILY = "1,2";
			};
			name = Debug;
		};
		3B199927216008B000758D2A /* Release */ = {
			isa = XCBuildConfiguration;
			buildSettings = {
				ASSETCATALOG_COMPILER_APPICON_NAME = AppIcon;
				CODE_SIGN_STYLE = Automatic;
				DEVELOPMENT_TEAM = 9C5S623YC7;
				INFOPLIST_FILE = "vision-app-dev/Info.plist";
				LD_RUNPATH_SEARCH_PATHS = (
					"$(inherited)",
					"@executable_path/Frameworks",
				);
				PRODUCT_BUNDLE_IDENTIFIER = "massimilianoabeli.it.vision-app-dev";
				PRODUCT_NAME = "$(TARGET_NAME)";
				SWIFT_VERSION = 4.2;
				TARGETED_DEVICE_FAMILY = "1,2";
			};
			name = Release;
		};
/* End XCBuildConfiguration section */

/* Begin XCConfigurationList section */
		3B19990E216008AF00758D2A /* Build configuration list for PBXProject "vision-app-dev" */ = {
			isa = XCConfigurationList;
			buildConfigurations = (
				3B199923216008B000758D2A /* Debug */,
				3B199924216008B000758D2A /* Release */,
			);
			defaultConfigurationIsVisible = 0;
			defaultConfigurationName = Release;
		};
		3B199925216008B000758D2A /* Build configuration list for PBXNativeTarget "vision-app-dev" */ = {
			isa = XCConfigurationList;
			buildConfigurations = (
				3B199926216008B000758D2A /* Debug */,
				3B199927216008B000758D2A /* Release */,
			);
			defaultConfigurationIsVisible = 0;
			defaultConfigurationName = Release;
		};
/* End XCConfigurationList section */
	};
	rootObject = 3B19990B216008AF00758D2A /* Project object */;
}
